// !$*UTF8*$!
{
	archiveVersion = 1;
	classes = {
	};
	objectVersion = 50;
	objects = {

/* Begin PBXBuildFile section */
		6182C0A720C06138006D4CB7 /* AppDelegate.swift in Sources */ = {isa = PBXBuildFile; fileRef = 6182C0A620C06138006D4CB7 /* AppDelegate.swift */; };
		6182C0A920C06138006D4CB7 /* art.scnassets in Resources */ = {isa = PBXBuildFile; fileRef = 6182C0A820C06138006D4CB7 /* art.scnassets */; };
		6182C0AB20C06138006D4CB7 /* ViewController.swift in Sources */ = {isa = PBXBuildFile; fileRef = 6182C0AA20C06138006D4CB7 /* ViewController.swift */; };
		6182C0AE20C06138006D4CB7 /* Main.storyboard in Resources */ = {isa = PBXBuildFile; fileRef = 6182C0AC20C06138006D4CB7 /* Main.storyboard */; };
		6182C0B020C0613B006D4CB7 /* Assets.xcassets in Resources */ = {isa = PBXBuildFile; fileRef = 6182C0AF20C0613B006D4CB7 /* Assets.xcassets */; };
		6182C0B320C0613B006D4CB7 /* LaunchScreen.storyboard in Resources */ = {isa = PBXBuildFile; fileRef = 6182C0B120C0613B006D4CB7 /* LaunchScreen.storyboard */; };
/* End PBXBuildFile section */

/* Begin PBXFileReference section */
		6182C0A320C06138006D4CB7 /* NextReality_Tutorial4.app */ = {isa = PBXFileReference; explicitFileType = wrapper.application; includeInIndex = 0; path = NextReality_Tutorial4.app; sourceTree = BUILT_PRODUCTS_DIR; };
		6182C0A620C06138006D4CB7 /* AppDelegate.swift */ = {isa = PBXFileReference; lastKnownFileType = sourcecode.swift; path = AppDelegate.swift; sourceTree = "<group>"; };
		6182C0A820C06138006D4CB7 /* art.scnassets */ = {isa = PBXFileReference; lastKnownFileType = wrapper.scnassets; path = art.scnassets; sourceTree = "<group>"; };
		6182C0AA20C06138006D4CB7 /* ViewController.swift */ = {isa = PBXFileReference; lastKnownFileType = sourcecode.swift; path = ViewController.swift; sourceTree = "<group>"; };
		6182C0AD20C06138006D4CB7 /* Base */ = {isa = PBXFileReference; lastKnownFileType = file.storyboard; name = Base; path = Base.lproj/Main.storyboard; sourceTree = "<group>"; };
		6182C0AF20C0613B006D4CB7 /* Assets.xcassets */ = {isa = PBXFileReference; lastKnownFileType = folder.assetcatalog; path = Assets.xcassets; sourceTree = "<group>"; };
		6182C0B220C0613B006D4CB7 /* Base */ = {isa = PBXFileReference; lastKnownFileType = file.storyboard; name = Base; path = Base.lproj/LaunchScreen.storyboard; sourceTree = "<group>"; };
		6182C0B420C0613B006D4CB7 /* Info.plist */ = {isa = PBXFileReference; lastKnownFileType = text.plist.xml; path = Info.plist; sourceTree = "<group>"; };
/* End PBXFileReference section */

/* Begin PBXFrameworksBuildPhase section */
		6182C0A020C06138006D4CB7 /* Frameworks */ = {
			isa = PBXFrameworksBuildPhase;
			buildActionMask = 2147483647;
			files = (
			);
			runOnlyForDeploymentPostprocessing = 0;
		};
/* End PBXFrameworksBuildPhase section */

/* Begin PBXGroup section */
		6182C09A20C06138006D4CB7 = {
			isa = PBXGroup;
			children = (
				6182C0A520C06138006D4CB7 /* NextReality_Tutorial4 */,
				6182C0A420C06138006D4CB7 /* Products */,
			);
			sourceTree = "<group>";
		};
		6182C0A420C06138006D4CB7 /* Products */ = {
			isa = PBXGroup;
			children = (
				6182C0A320C06138006D4CB7 /* NextReality_Tutorial4.app */,
			);
			name = Products;
			sourceTree = "<group>";
		};
		6182C0A520C06138006D4CB7 /* NextReality_Tutorial4 */ = {
			isa = PBXGroup;
			children = (
				6182C0A620C06138006D4CB7 /* AppDelegate.swift */,
				6182C0A820C06138006D4CB7 /* art.scnassets */,
				6182C0AA20C06138006D4CB7 /* ViewController.swift */,
				6182C0AC20C06138006D4CB7 /* Main.storyboard */,
				6182C0AF20C0613B006D4CB7 /* Assets.xcassets */,
				6182C0B120C0613B006D4CB7 /* LaunchScreen.storyboard */,
				6182C0B420C0613B006D4CB7 /* Info.plist */,
			);
			path = NextReality_Tutorial4;
			sourceTree = "<group>";
		};
/* End PBXGroup section */

/* Begin PBXNativeTarget section */
		6182C0A220C06138006D4CB7 /* NextReality_Tutorial4 */ = {
			isa = PBXNativeTarget;
			buildConfigurationList = 6182C0B720C0613B006D4CB7 /* Build configuration list for PBXNativeTarget "NextReality_Tutorial4" */;
			buildPhases = (
				6182C09F20C06138006D4CB7 /* Sources */,
				6182C0A020C06138006D4CB7 /* Frameworks */,
				6182C0A120C06138006D4CB7 /* Resources */,
			);
			buildRules = (
			);
			dependencies = (
			);
			name = NextReality_Tutorial4;
			productName = NextReality_Tutorial4;
			productReference = 6182C0A320C06138006D4CB7 /* NextReality_Tutorial4.app */;
			productType = "com.apple.product-type.application";
		};
/* End PBXNativeTarget section */

/* Begin PBXProject section */
		6182C09B20C06138006D4CB7 /* Project object */ = {
			isa = PBXProject;
			attributes = {
				LastSwiftUpdateCheck = 0930;
				LastUpgradeCheck = 0930;
				ORGANIZATIONNAME = "Ambuj Punn";
				TargetAttributes = {
					6182C0A220C06138006D4CB7 = {
						CreatedOnToolsVersion = 9.3;
					};
				};
			};
			buildConfigurationList = 6182C09E20C06138006D4CB7 /* Build configuration list for PBXProject "NextReality_Tutorial4" */;
			compatibilityVersion = "Xcode 9.3";
			developmentRegion = en;
			hasScannedForEncodings = 0;
			knownRegions = (
				en,
				Base,
			);
			mainGroup = 6182C09A20C06138006D4CB7;
			productRefGroup = 6182C0A420C06138006D4CB7 /* Products */;
			projectDirPath = "";
			projectRoot = "";
			targets = (
				6182C0A220C06138006D4CB7 /* NextReality_Tutorial4 */,
			);
		};
/* End PBXProject section */

/* Begin PBXResourcesBuildPhase section */
		6182C0A120C06138006D4CB7 /* Resources */ = {
			isa = PBXResourcesBuildPhase;
			buildActionMask = 2147483647;
			files = (
				6182C0A920C06138006D4CB7 /* art.scnassets in Resources */,
				6182C0B320C0613B006D4CB7 /* LaunchScreen.storyboard in Resources */,
				6182C0B020C0613B006D4CB7 /* Assets.xcassets in Resources */,
				6182C0AE20C06138006D4CB7 /* Main.storyboard in Resources */,
			);
			runOnlyForDeploymentPostprocessing = 0;
		};
/* End PBXResourcesBuildPhase section */

/* Begin PBXSourcesBuildPhase section */
		6182C09F20C06138006D4CB7 /* Sources */ = {
			isa = PBXSourcesBuildPhase;
			buildActionMask = 2147483647;
			files = (
				6182C0AB20C06138006D4CB7 /* ViewController.swift in Sources */,
				6182C0A720C06138006D4CB7 /* AppDelegate.swift in Sources */,
			);
			runOnlyForDeploymentPostprocessing = 0;
		};
/* End PBXSourcesBuildPhase section */

/* Begin PBXVariantGroup section */
		6182C0AC20C06138006D4CB7 /* Main.storyboard */ = {
			isa = PBXVariantGroup;
			children = (
				6182C0AD20C06138006D4CB7 /* Base */,
			);
			name = Main.storyboard;
			sourceTree = "<group>";
		};
		6182C0B120C0613B006D4CB7 /* LaunchScreen.storyboard */ = {
			isa = PBXVariantGroup;
			children = (
				6182C0B220C0613B006D4CB7 /* Base */,
			);
			name = LaunchScreen.storyboard;
			sourceTree = "<group>";
		};
/* End PBXVariantGroup section */

/* Begin XCBuildConfiguration section */
		6182C0B520C0613B006D4CB7 /* Debug */ = {
			isa = XCBuildConfiguration;
			buildSettings = {
				ALWAYS_SEARCH_USER_PATHS = NO;
				CLANG_ANALYZER_NONNULL = YES;
				CLANG_ANALYZER_NUMBER_OBJECT_CONVERSION = YES_AGGRESSIVE;
				CLANG_CXX_LANGUAGE_STANDARD = "gnu++14";
				CLANG_CXX_LIBRARY = "libc++";
				CLANG_ENABLE_MODULES = YES;
				CLANG_ENABLE_OBJC_ARC = YES;
				CLANG_ENABLE_OBJC_WEAK = YES;
				CLANG_WARN_BLOCK_CAPTURE_AUTORELEASING = YES;
				CLANG_WARN_BOOL_CONVERSION = YES;
				CLANG_WARN_COMMA = YES;
				CLANG_WARN_CONSTANT_CONVERSION = YES;
				CLANG_WARN_DEPRECATED_OBJC_IMPLEMENTATIONS = YES;
				CLANG_WARN_DIRECT_OBJC_ISA_USAGE = YES_ERROR;
				CLANG_WARN_DOCUMENTATION_COMMENTS = YES;
				CLANG_WARN_EMPTY_BODY = YES;
				CLANG_WARN_ENUM_CONVERSION = YES;
				CLANG_WARN_INFINITE_RECURSION = YES;
				CLANG_WARN_INT_CONVERSION = YES;
				CLANG_WARN_NON_LITERAL_NULL_CONVERSION = YES;
				CLANG_WARN_OBJC_IMPLICIT_RETAIN_SELF = YES;
				CLANG_WARN_OBJC_LITERAL_CONVERSION = YES;
				CLANG_WARN_OBJC_ROOT_CLASS = YES_ERROR;
				CLANG_WARN_RANGE_LOOP_ANALYSIS = YES;
				CLANG_WARN_STRICT_PROTOTYPES = YES;
				CLANG_WARN_SUSPICIOUS_MOVE = YES;
				CLANG_WARN_UNGUARDED_AVAILABILITY = YES_AGGRESSIVE;
				CLANG_WARN_UNREACHABLE_CODE = YES;
				CLANG_WARN__DUPLICATE_METHOD_MATCH = YES;
				CODE_SIGN_IDENTITY = "iPhone Developer";
				COPY_PHASE_STRIP = NO;
				DEBUG_INFORMATION_FORMAT = dwarf;
				ENABLE_STRICT_OBJC_MSGSEND = YES;
				ENABLE_TESTABILITY = YES;
				GCC_C_LANGUAGE_STANDARD = gnu11;
				GCC_DYNAMIC_NO_PIC = NO;
				GCC_NO_COMMON_BLOCKS = YES;
				GCC_OPTIMIZATION_LEVEL = 0;
				GCC_PREPROCESSOR_DEFINITIONS = (
					"DEBUG=1",
					"$(inherited)",
				);
				GCC_WARN_64_TO_32_BIT_CONVERSION = YES;
				GCC_WARN_ABOUT_RETURN_TYPE = YES_ERROR;
				GCC_WARN_UNDECLARED_SELECTOR = YES;
				GCC_WARN_UNINITIALIZED_AUTOS = YES_AGGRESSIVE;
				GCC_WARN_UNUSED_FUNCTION = YES;
				GCC_WARN_UNUSED_VARIABLE = YES;
				IPHONEOS_DEPLOYMENT_TARGET = 11.3;
				MTL_ENABLE_DEBUG_INFO = YES;
				ONLY_ACTIVE_ARCH = YES;
				SDKROOT = iphoneos;
				SWIFT_ACTIVE_COMPILATION_CONDITIONS = DEBUG;
				SWIFT_OPTIMIZATION_LEVEL = "-Onone";
			};
			name = Debug;
		};
		6182C0B620C0613B006D4CB7 /* Release */ = {
			isa = XCBuildConfiguration;
			buildSettings = {
				ALWAYS_SEARCH_USER_PATHS = NO;
				CLANG_ANALYZER_NONNULL = YES;
				CLANG_ANALYZER_NUMBER_OBJECT_CONVERSION = YES_AGGRESSIVE;
				CLANG_CXX_LANGUAGE_STANDARD = "gnu++14";
				CLANG_CXX_LIBRARY = "libc++";
				CLANG_ENABLE_MODULES = YES;
				CLANG_ENABLE_OBJC_ARC = YES;
				CLANG_ENABLE_OBJC_WEAK = YES;
				CLANG_WARN_BLOCK_CAPTURE_AUTORELEASING = YES;
				CLANG_WARN_BOOL_CONVERSION = YES;
				CLANG_WARN_COMMA = YES;
				CLANG_WARN_CONSTANT_CONVERSION = YES;
				CLANG_WARN_DEPRECATED_OBJC_IMPLEMENTATIONS = YES;
				CLANG_WARN_DIRECT_OBJC_ISA_USAGE = YES_ERROR;
				CLANG_WARN_DOCUMENTATION_COMMENTS = YES;
				CLANG_WARN_EMPTY_BODY = YES;
				CLANG_WARN_ENUM_CONVERSION = YES;
				CLANG_WARN_INFINITE_RECURSION = YES;
				CLANG_WARN_INT_CONVERSION = YES;
				CLANG_WARN_NON_LITERAL_NULL_CONVERSION = YES;
				CLANG_WARN_OBJC_IMPLICIT_RETAIN_SELF = YES;
				CLANG_WARN_OBJC_LITERAL_CONVERSION = YES;
				CLANG_WARN_OBJC_ROOT_CLASS = YES_ERROR;
				CLANG_WARN_RANGE_LOOP_ANALYSIS = YES;
				CLANG_WARN_STRICT_PROTOTYPES = YES;
				CLANG_WARN_SUSPICIOUS_MOVE = YES;
				CLANG_WARN_UNGUARDED_AVAILABILITY = YES_AGGRESSIVE;
				CLANG_WARN_UNREACHABLE_CODE = YES;
				CLANG_WARN__DUPLICATE_METHOD_MATCH = YES;
				CODE_SIGN_IDENTITY = "iPhone Developer";
				COPY_PHASE_STRIP = NO;
				DEBUG_INFORMATION_FORMAT = "dwarf-with-dsym";
				ENABLE_NS_ASSERTIONS = NO;
				ENABLE_STRICT_OBJC_MSGSEND = YES;
				GCC_C_LANGUAGE_STANDARD = gnu11;
				GCC_NO_COMMON_BLOCKS = YES;
				GCC_WARN_64_TO_32_BIT_CONVERSION = YES;
				GCC_WARN_ABOUT_RETURN_TYPE = YES_ERROR;
				GCC_WARN_UNDECLARED_SELECTOR = YES;
				GCC_WARN_UNINITIALIZED_AUTOS = YES_AGGRESSIVE;
				GCC_WARN_UNUSED_FUNCTION = YES;
				GCC_WARN_UNUSED_VARIABLE = YES;
				IPHONEOS_DEPLOYMENT_TARGET = 11.3;
				MTL_ENABLE_DEBUG_INFO = NO;
				SDKROOT = iphoneos;
				SWIFT_COMPILATION_MODE = wholemodule;
				SWIFT_OPTIMIZATION_LEVEL = "-O";
				VALIDATE_PRODUCT = YES;
			};
			name = Release;
		};
		6182C0B820C0613B006D4CB7 /* Debug */ = {
			isa = XCBuildConfiguration;
			buildSettings = {
				ASSETCATALOG_COMPILER_APPICON_NAME = AppIcon;
				CODE_SIGN_STYLE = Automatic;
				DEVELOPMENT_TEAM = 38N77EFLKC;
				INFOPLIST_FILE = NextReality_Tutorial4/Info.plist;
				LD_RUNPATH_SEARCH_PATHS = (
					"$(inherited)",
					"@executable_path/Frameworks",
				);
				PRODUCT_BUNDLE_IDENTIFIER = "Ambuj-Punn.NextReality-Tutorial4";
				PRODUCT_NAME = "$(TARGET_NAME)";
				SWIFT_VERSION = 4.0;
				TARGETED_DEVICE_FAMILY = "1,2";
			};
			name = Debug;
		};
		6182C0B920C0613B006D4CB7 /* Release */ = {
			isa = XCBuildConfiguration;
			buildSettings = {
				ASSETCATALOG_COMPILER_APPICON_NAME = AppIcon;
				CODE_SIGN_STYLE = Automatic;
				DEVELOPMENT_TEAM = 38N77EFLKC;
				INFOPLIST_FILE = NextReality_Tutorial4/Info.plist;
				LD_RUNPATH_SEARCH_PATHS = (
					"$(inherited)",
					"@executable_path/Frameworks",
				);
				PRODUCT_BUNDLE_IDENTIFIER = "Ambuj-Punn.NextReality-Tutorial4";
				PRODUCT_NAME = "$(TARGET_NAME)";
				SWIFT_VERSION = 4.0;
				TARGETED_DEVICE_FAMILY = "1,2";
			};
			name = Release;
		};
/* End XCBuildConfiguration section */

/* Begin XCConfigurationList section */
		6182C09E20C06138006D4CB7 /* Build configuration list for PBXProject "NextReality_Tutorial4" */ = {
			isa = XCConfigurationList;
			buildConfigurations = (
				6182C0B520C0613B006D4CB7 /* Debug */,
				6182C0B620C0613B006D4CB7 /* Release */,
			);
			defaultConfigurationIsVisible = 0;
			defaultConfigurationName = Release;
		};
		6182C0B720C0613B006D4CB7 /* Build configuration list for PBXNativeTarget "NextReality_Tutorial4" */ = {
			isa = XCConfigurationList;
			buildConfigurations = (
				6182C0B820C0613B006D4CB7 /* Debug */,
				6182C0B920C0613B006D4CB7 /* Release */,
			);
			defaultConfigurationIsVisible = 0;
			defaultConfigurationName = Release;
		};
/* End XCConfigurationList section */
	};
	rootObject = 6182C09B20C06138006D4CB7 /* Project object */;
}
